
Microsoft Visual Studio Solution File, Format Version 12.00
# Visual Studio Version 16
VisualStudioVersion = 16.0.31624.102
MinimumVisualStudioVersion = 10.0.40219.1
Project("{FAE04EC0-301F-11D3-BF4B-00C04F79EFBC}") = "Lista_exercicios_Rached", "Lista_exercicios_Rached.csproj", "{72425FC7-8BB1-4606-9251-5132A05AD6A3}"
EndProject
Global
	GlobalSection(SolutionConfigurationPlatforms) = preSolution
		Debug|Any CPU = Debug|Any CPU
		Release|Any CPU = Release|Any CPU
	EndGlobalSection
	GlobalSection(ProjectConfigurationPlatforms) = postSolution
		{72425FC7-8BB1-4606-9251-5132A05AD6A3}.Debug|Any CPU.ActiveCfg = Debug|Any CPU
		{72425FC7-8BB1-4606-9251-5132A05AD6A3}.Debug|Any CPU.Build.0 = Debug|Any CPU
		{72425FC7-8BB1-4606-9251-5132A05AD6A3}.Release|Any CPU.ActiveCfg = Release|Any CPU
		{72425FC7-8BB1-4606-9251-5132A05AD6A3}.Release|Any CPU.Build.0 = Release|Any CPU
	EndGlobalSection
	GlobalSection(SolutionProperties) = preSolution
		HideSolutionNode = FALSE
	EndGlobalSection
	GlobalSection(ExtensibilityGlobals) = postSolution
		SolutionGuid = {87D85E83-5E5D-4990-9EFA-D8A8E4B3AB3C}
	EndGlobalSection
EndGlobal
